<?xml version="1.0" encoding="utf-8"?>
<Project ToolsVersion="4.0" xmlns="http://schemas.microsoft.com/developer/msbuild/2003">
  <ItemGroup>
    <Filter Include="src">
      <UniqueIdentifier>{9641a360-92ae-4b2f-b7f0-079c8782ba76}</UniqueIdentifier>
    </Filter>
    <Filter Include="resources">
      <UniqueIdentifier>{67DA6AB6-F800-4c08-8B7A-83BB121AAD01}</UniqueIdentifier>
      <Extensions>rc;ico;cur;bmp;dlg;rc2;rct;bin;rgs;gif;jpg;jpeg;jpe;resx;tiff;tif;png;wav;mfcribbon-ms</Extensions>
    </Filter>
    <Filter Include="resources\imgui">
      <UniqueIdentifier>{641dd696-1dd5-4b6a-a9a5-d1babd828fd9}</UniqueIdentifier>
    </Filter>
    <Filter Include="src\Platform">
      <UniqueIdentifier>{e58243dd-cd5f-4863-a30f-d50e00f02429}</UniqueIdentifier>
    </Filter>
    <Filter Include="src\IO">
      <UniqueIdentifier>{7d011af8-d041-49fd-86b8-d16a1a425310}</UniqueIdentifier>
    </Filter>
    <Filter Include="src\Inputs">
      <UniqueIdentifier>{c89fa572-f996-4421-9dd4-d20cda1c8bbd}</UniqueIdentifier>
    </Filter>
    <Filter Include="src\Core">
      <UniqueIdentifier>{41fdb154-6791-4ab4-912f-1e140ef02265}</UniqueIdentifier>
    </Filter>
    <Filter Include="src\Platform\Windows">
      <UniqueIdentifier>{fb989bb2-2dd2-46a6-ab81-c9a1a6a3f7ec}</UniqueIdentifier>
    </Filter>
    <Filter Include="src\UI">
      <UniqueIdentifier>{d3e4d94d-a0b9-4f5c-bcef-0eccaa3141b4}</UniqueIdentifier>
    </Filter>
    <Filter Include="src\Options">
      <UniqueIdentifier>{38064756-9797-4310-b41f-7e4ddfe5ea8b}</UniqueIdentifier>
    </Filter>
    <Filter Include="src\Scene">
      <UniqueIdentifier>{71b5d221-d4e7-4632-af25-7e52d30285e9}</UniqueIdentifier>
    </Filter>
    <Filter Include="resources\imguizmo">
      <UniqueIdentifier>{2e3a326a-dc9b-48e1-ae2a-b999573d5acc}</UniqueIdentifier>
    </Filter>
    <Filter Include="src\Log">
      <UniqueIdentifier>{4e0b8fb5-a167-45f1-af39-23e1e0c0de10}</UniqueIdentifier>
    </Filter>
    <Filter Include="resources\boost">
      <UniqueIdentifier>{8f5654ed-19c8-464f-adc4-a9ef082f798b}</UniqueIdentifier>
    </Filter>
    <Filter Include="src\Renderer">
      <UniqueIdentifier>{471fed5e-3f1a-4a12-8347-817aa72bd085}</UniqueIdentifier>
    </Filter>
    <Filter Include="assets">
      <UniqueIdentifier>{adbafbbe-ca4e-47b5-8076-740926d3dcbb}</UniqueIdentifier>
    </Filter>
    <Filter Include="assets\shaders">
      <UniqueIdentifier>{f17d6df1-a699-4cab-a081-c0f6d97ff8c9}</UniqueIdentifier>
    </Filter>
    <Filter Include="assets\fonts">
      <UniqueIdentifier>{900b945f-099e-4dde-b2f6-6808df1cbee7}</UniqueIdentifier>
    </Filter>
    <Filter Include="assets\textures">
      <UniqueIdentifier>{e5580171-cb2c-49f2-8ac9-4d3e2949e893}</UniqueIdentifier>
    </Filter>
  </ItemGroup>
  <ItemGroup>
    <ClCompile Include="..\external\include\imgui\imgui.cpp">
      <Filter>resources\imgui</Filter>
    </ClCompile>
    <ClCompile Include="..\external\include\imgui\imgui_demo.cpp">
      <Filter>resources\imgui</Filter>
    </ClCompile>
    <ClCompile Include="..\external\include\imgui\imgui_draw.cpp">
      <Filter>resources\imgui</Filter>
    </ClCompile>
    <ClCompile Include="..\external\include\imgui\imgui_impl_glfw.cpp">
      <Filter>resources\imgui</Filter>
    </ClCompile>
    <ClCompile Include="..\external\include\imgui\imgui_impl_opengl3.cpp">
      <Filter>resources\imgui</Filter>
    </ClCompile>
    <ClCompile Include="..\external\include\imgui\imgui_tables.cpp">
      <Filter>resources\imgui</Filter>
    </ClCompile>
    <ClCompile Include="..\external\include\imgui\imgui_widgets.cpp">
      <Filter>resources\imgui</Filter>
    </ClCompile>
    <ClCompile Include="src\core\XMain.cpp">
      <Filter>src\Core</Filter>
    </ClCompile>
    <ClCompile Include="src\io\CfgLoader.cpp">
      <Filter>src\IO</Filter>
    </ClCompile>
    <ClCompile Include="src\ui\Modals.cpp">
      <Filter>src\UI</Filter>
    </ClCompile>
    <ClCompile Include="src\ui\MenuBar.cpp">
      <Filter>src\UI</Filter>
    </ClCompile>
    <ClCompile Include="src\ui\LayerStack.cpp">
      <Filter>src\UI</Filter>
    </ClCompile>
    <ClCompile Include="src\ui\ContentBrowser.cpp">
      <Filter>src\UI</Filter>
    </ClCompile>
    <ClCompile Include="src\xpeditorpch.cpp">
      <Filter>src</Filter>
    </ClCompile>
    <ClCompile Include="src\platform\windows\FileManager.cpp">
      <Filter>src\Platform\Windows</Filter>
    </ClCompile>
    <ClCompile Include="src\ui\SettingsPanel.cpp">
      <Filter>src\UI</Filter>
    </ClCompile>
    <ClCompile Include="src\ui\Styles.cpp">
      <Filter>src\UI</Filter>
    </ClCompile>
    <ClCompile Include="src\ui\LoadingRadial.cpp">
      <Filter>src\UI</Filter>
    </ClCompile>
    <ClCompile Include="src\io\LockFile.cpp">
      <Filter>src\IO</Filter>
    </ClCompile>
    <ClCompile Include="src\core\Window.cpp">
      <Filter>src\Core</Filter>
    </ClCompile>
    <ClCompile Include="src\renderer\VK_Wrapper.cpp">
      <Filter>src\Renderer</Filter>
    </ClCompile>
    <ClCompile Include="..\external\include\imgui\imgui_impl_vulkan.cpp">
      <Filter>resources\imgui</Filter>
    </ClCompile>
    <ClCompile Include="src\renderer\Renderer.cpp">
      <Filter>src\Renderer</Filter>
    </ClCompile>
    <ClCompile Include="src\renderer\RendererPBR.cpp">
      <Filter>src\Renderer</Filter>
    </ClCompile>
    <ClCompile Include="src\core\VK_Window.cpp">
      <Filter>src\Core</Filter>
    </ClCompile>
    <ClCompile Include="src\core\Main.cpp">
      <Filter>src\Core</Filter>
    </ClCompile>
    <ClCompile Include="src\core\Application.cpp">
      <Filter>src\Core</Filter>
    </ClCompile>
    <ClCompile Include="src\renderer\VK_Pipeline.cpp">
      <Filter>src\Renderer</Filter>
    </ClCompile>
  </ItemGroup>
  <ItemGroup>
    <ClInclude Include="..\external\include\imgui\imconfig.h">
      <Filter>resources\imgui</Filter>
    </ClInclude>
    <ClInclude Include="..\external\include\imgui\imgui.h">
      <Filter>resources\imgui</Filter>
    </ClInclude>
    <ClInclude Include="..\external\include\imgui\imgui_impl_glfw.h">
      <Filter>resources\imgui</Filter>
    </ClInclude>
    <ClInclude Include="..\external\include\imgui\imgui_impl_opengl3.h">
      <Filter>resources\imgui</Filter>
    </ClInclude>
    <ClInclude Include="..\external\include\imgui\imgui_impl_opengl3_loader.h">
      <Filter>resources\imgui</Filter>
    </ClInclude>
    <ClInclude Include="..\external\include\imgui\imgui_internal.h">
      <Filter>resources\imgui</Filter>
    </ClInclude>
    <ClInclude Include="..\external\include\imgui\imstb_rectpack.h">
      <Filter>resources\imgui</Filter>
    </ClInclude>
    <ClInclude Include="..\external\include\imgui\imstb_textedit.h">
      <Filter>resources\imgui</Filter>
    </ClInclude>
    <ClInclude Include="..\external\include\imgui\imstb_truetype.h">
      <Filter>resources\imgui</Filter>
    </ClInclude>
    <ClInclude Include="src\core\SystemDetection.h">
      <Filter>src\Core</Filter>
    </ClInclude>
    <ClInclude Include="src\io\CfgLoader.h">
      <Filter>src\IO</Filter>
    </ClInclude>
    <ClInclude Include="src\ui\UI.h">
      <Filter>src\UI</Filter>
    </ClInclude>
    <ClInclude Include="src\xpeditorpch.h">
      <Filter>src</Filter>
    </ClInclude>
    <ClInclude Include="src\core\Window.hpp">
      <Filter>src\Core</Filter>
    </ClInclude>
    <ClInclude Include="src\core\Base.hpp">
      <Filter>src\Core</Filter>
    </ClInclude>
    <ClInclude Include="src\ui\Fonts.h">
      <Filter>src\UI</Filter>
    </ClInclude>
    <ClInclude Include="src\platform\windows\FileManager.hpp">
      <Filter>src\Platform\Windows</Filter>
    </ClInclude>
    <ClInclude Include="..\external\portable-file-dialogs.h">
      <Filter>resources</Filter>
    </ClInclude>
    <ClInclude Include="resource.h" />
    <ClInclude Include="src\version.h">
      <Filter>src</Filter>
    </ClInclude>
    <ClInclude Include="src\core\Buffer.h">
      <Filter>src\Core</Filter>
    </ClInclude>
    <ClInclude Include="src\core\Assert.h">
      <Filter>src\Core</Filter>
    </ClInclude>
    <ClInclude Include="src\renderer\VK_Wrapper.h">
      <Filter>src\Renderer</Filter>
    </ClInclude>
    <ClInclude Include="..\external\include\imgui\imgui_impl_vulkan.h">
      <Filter>resources\imgui</Filter>
    </ClInclude>
    <ClInclude Include="src\renderer\Renderer.h">
      <Filter>src\Renderer</Filter>
    </ClInclude>
    <ClInclude Include="src\renderer\RendererPBR.h">
      <Filter>src\Renderer</Filter>
    </ClInclude>
    <ClInclude Include="src\core\VK_Window.hpp">
      <Filter>src\Core</Filter>
    </ClInclude>
    <ClInclude Include="src\core\Application.hpp">
      <Filter>src\Core</Filter>
    </ClInclude>
    <ClInclude Include="src\renderer\VK_Pipeline.hpp">
      <Filter>src\Renderer</Filter>
    </ClInclude>
    <ClInclude Include="src\log\Logging.hpp">
      <Filter>src\Log</Filter>
    </ClInclude>
    <ClInclude Include="src\log\Profiler.hpp">
      <Filter>src\Log</Filter>
    </ClInclude>
    <ClInclude Include="src\core\AssetManager.hpp">
      <Filter>src\Core</Filter>
    </ClInclude>
    <ClInclude Include="src\renderer\Transform.hpp">
      <Filter>src\Renderer</Filter>
    </ClInclude>
    <ClInclude Include="src\renderer\Camera.hpp">
      <Filter>src\Renderer</Filter>
    </ClInclude>
    <ClInclude Include="src\scene\Scene.hpp">
      <Filter>src\Scene</Filter>
    </ClInclude>
    <ClInclude Include="src\core\Common.h">
      <Filter>src\Core</Filter>
    </ClInclude>
    <ClInclude Include="src\renderer\DeferredRenderer.hpp">
      <Filter>src\Renderer</Filter>
    </ClInclude>
  </ItemGroup>
  <ItemGroup>
    <None Include="config\config.cfg" />
    <None Include="config\user.ini" />
    <None Include="version_increment.ps1" />
    <None Include="shaders\shader.frag">
      <Filter>assets\shaders</Filter>
    </None>
    <None Include="shaders\shader.vert">
      <Filter>assets\shaders</Filter>
    </None>
    <None Include="src\vk_shader_compile.bat" />
  </ItemGroup>
  <ItemGroup>
    <ResourceCompile Include="SceneryEditorX.rc">
      <Filter>resources</Filter>
    </ResourceCompile>
  </ItemGroup>
  <ItemGroup>
    <Font Include="assets\fonts\industry\Industry-Demi.otf">
      <Filter>assets\fonts</Filter>
    </Font>
    <Font Include="assets\fonts\industry\Industry-Book.otf">
      <Filter>assets\fonts</Filter>
    </Font>
  </ItemGroup>
  <ItemGroup>
    <Image Include="assets\icon.ico">
      <Filter>resources</Filter>
    </Image>
    <Image Include="assets\icon_m0v_icon.ico">
      <Filter>resources</Filter>
    </Image>
  </ItemGroup>
</Project>