<?xml version="1.0" encoding="utf-8"?>
<Project ToolsVersion="4.0" xmlns="http://schemas.microsoft.com/developer/msbuild/2003">
  <ItemGroup>
    <Filter Include="Utility Headers">
      <UniqueIdentifier>{7517dd8f-c8c4-489d-845e-a5ed4628cd71}</UniqueIdentifier>
    </Filter>
    <Filter Include="Utility Source">
      <UniqueIdentifier>{976a663d-2c12-400d-89cb-a23a5e6a570e}</UniqueIdentifier>
    </Filter>
    <Filter Include="Source">
      <UniqueIdentifier>{4FC737F1-C7A5-4376-A066-2A32D752A2FF}</UniqueIdentifier>
      <Extensions>cpp;c;cc;cxx;c++;cppm;ixx;def;odl;idl;hpj;bat;asm;asmx</Extensions>
    </Filter>
    <Filter Include="Headers">
      <UniqueIdentifier>{93995380-89BD-4b04-88EB-625FBE52EBFB}</UniqueIdentifier>
      <Extensions>h;hh;hpp;hxx;h++;hm;inl;inc;ipp;xsd</Extensions>
    </Filter>
    <Filter Include="Include Headers">
      <UniqueIdentifier>{52f876f0-e6ac-4481-ab21-b27b77376633}</UniqueIdentifier>
    </Filter>
  </ItemGroup>
  <ItemGroup>
    <ClInclude Include="TextUtils.h">
      <Filter>Utility Headers</Filter>
    </ClInclude>
    <ClInclude Include="X-PlaneSceneryLibraryParsers.h">
      <Filter>Include Headers</Filter>
    </ClInclude>
    <ClInclude Include="X-PlaneSceneryLibraryUtils.h">
      <Filter>Include Headers</Filter>
    </ClInclude>
    <ClInclude Include="XPAsset.h">
      <Filter>Headers</Filter>
    </ClInclude>
    <ClInclude Include="XPObj.h">
      <Filter>Headers</Filter>
    </ClInclude>
    <ClInclude Include="XPLayerGroups.h">
      <Filter>Headers</Filter>
    </ClInclude>
    <ClInclude Include="XPLibraryPath.h">
      <Filter>Headers</Filter>
    </ClInclude>
    <ClInclude Include="XPLibrarySystem.h">
      <Filter>Headers</Filter>
    </ClInclude>
    <ClInclude Include="Node.h">
      <Filter>Utility Headers</Filter>
    </ClInclude>
    <ClInclude Include="BezeirResolver.h">
      <Filter>Headers</Filter>
    </ClInclude>
    <ClInclude Include="Geoutils.h">
      <Filter>Headers</Filter>
    </ClInclude>
    <ClInclude Include="SystemHeaders.h">
      <Filter>Headers</Filter>
    </ClInclude>
    <ClInclude Include="XSLMacros.h">
      <Filter>Headers</Filter>
    </ClInclude>
    <ClInclude Include="XPDSF.h">
      <Filter>Headers</Filter>
    </ClInclude>
  </ItemGroup>
  <ItemGroup>
    <ClCompile Include="TextUtils.cpp">
      <Filter>Utility Source</Filter>
    </ClCompile>
    <ClCompile Include="XPObj.cpp">
      <Filter>Source</Filter>
    </ClCompile>
    <ClCompile Include="XPLayerGroups.cpp">
      <Filter>Source</Filter>
    </ClCompile>
    <ClCompile Include="XPLibrarySystem.cpp">
      <Filter>Source</Filter>
    </ClCompile>
    <ClCompile Include="DebugMain.cpp" />
    <ClCompile Include="BezeirResolver.cpp">
      <Filter>Source</Filter>
    </ClCompile>
    <ClCompile Include="Geoutils.cpp">
      <Filter>Source</Filter>
    </ClCompile>
    <ClCompile Include="XPDSF.cpp">
      <Filter>Source</Filter>
    </ClCompile>
    <ClCompile Include="Node.cpp">
      <Filter>Utility Source</Filter>
    </ClCompile>
  </ItemGroup>
</Project>