<?xml version="1.0" encoding="utf-8"?>
<Project ToolsVersion="4.0" xmlns="http://schemas.microsoft.com/developer/msbuild/2003">
  <ItemGroup>
    <Filter Include="src">
      <UniqueIdentifier>{4FC737F1-C7A5-4376-A066-2A32D752A2FF}</UniqueIdentifier>
      <Extensions>cpp;c;cc;cxx;c++;cppm;ixx;def;odl;idl;hpj;bat;asm;asmx</Extensions>
    </Filter>
    <Filter Include="headers">
      <UniqueIdentifier>{93995380-89BD-4b04-88EB-625FBE52EBFB}</UniqueIdentifier>
      <Extensions>h;hh;hpp;hxx;h++;hm;inl;inc;ipp;xsd</Extensions>
    </Filter>
    <Filter Include="resources">
      <UniqueIdentifier>{67DA6AB6-F800-4c08-8B7A-83BB121AAD01}</UniqueIdentifier>
      <Extensions>rc;ico;cur;bmp;dlg;rc2;rct;bin;rgs;gif;jpg;jpeg;jpe;resx;tiff;tif;png;wav;mfcribbon-ms</Extensions>
    </Filter>
    <Filter Include="resources\fonts">
      <UniqueIdentifier>{345f701a-331a-4192-819c-d23e2d4e2675}</UniqueIdentifier>
    </Filter>
    <Filter Include="resources\fonts\opensans">
      <UniqueIdentifier>{a68c6c74-f298-4a02-9155-ef5af371422f}</UniqueIdentifier>
    </Filter>
    <Filter Include="resources\assets">
      <UniqueIdentifier>{7fa5638d-e841-4071-b876-b6cae4fbfef8}</UniqueIdentifier>
    </Filter>
    <Filter Include="resources\textures">
      <UniqueIdentifier>{f040491e-a666-48e6-acd3-e5054d5dddaf}</UniqueIdentifier>
    </Filter>
    <Filter Include="resources\shaders">
      <UniqueIdentifier>{dc9fa3f1-d12f-4c60-a843-c08cc549a269}</UniqueIdentifier>
    </Filter>
  </ItemGroup>
  <ItemGroup>
    <ClCompile Include="src\main.cpp">
      <Filter>src</Filter>
    </ClCompile>
    <ClCompile Include="src\shader.cpp">
      <Filter>src</Filter>
    </ClCompile>
    <ClCompile Include="src\VBO.cpp">
      <Filter>src</Filter>
    </ClCompile>
    <ClCompile Include="src\EBO.cpp">
      <Filter>src</Filter>
    </ClCompile>
    <ClCompile Include="src\VAO.cpp">
      <Filter>src</Filter>
    </ClCompile>
    <ClCompile Include="src\texture.cpp">
      <Filter>src</Filter>
    </ClCompile>
    <ClCompile Include="src\stb.cpp">
      <Filter>src</Filter>
    </ClCompile>
    <ClCompile Include="src\camera.cpp">
      <Filter>src</Filter>
    </ClCompile>
    <ClCompile Include="src\mesh.cpp">
      <Filter>src</Filter>
    </ClCompile>
    <ClCompile Include="src\model.cpp">
      <Filter>src</Filter>
    </ClCompile>
    <ClCompile Include="src\glad.c">
      <Filter>src</Filter>
    </ClCompile>
    <ClCompile Include="src\viewAxis.cpp">
      <Filter>src</Filter>
    </ClCompile>
  </ItemGroup>
  <ItemGroup>
    <None Include="shaders\default.vert">
      <Filter>resources\shaders</Filter>
    </None>
    <None Include="shaders\default.frag">
      <Filter>resources\shaders</Filter>
    </None>
    <None Include="shaders\light.frag">
      <Filter>resources\shaders</Filter>
    </None>
    <None Include="shaders\light.vert">
      <Filter>resources\shaders</Filter>
    </None>
    <None Include="shaders\outlining.frag">
      <Filter>resources\shaders</Filter>
    </None>
    <None Include="shaders\outlining.vert">
      <Filter>resources\shaders</Filter>
    </None>
    <None Include="shaders\grass.frag">
      <Filter>resources\shaders</Filter>
    </None>
    <None Include="shaders\framebuffer.frag">
      <Filter>resources\shaders</Filter>
    </None>
    <None Include="shaders\xtextgrid.frag">
      <Filter>resources\shaders</Filter>
    </None>
    <None Include="shaders\default.geom">
      <Filter>resources\shaders</Filter>
    </None>
    <None Include="shaders\font.glsl">
      <Filter>resources\shaders</Filter>
    </None>
    <None Include="shaders\framebuffer.vert">
      <Filter>resources\shaders</Filter>
    </None>
    <None Include="shaders\grid.vert">
      <Filter>resources\shaders</Filter>
    </None>
    <None Include="shaders\grid.frag">
      <Filter>resources\shaders</Filter>
    </None>
    <None Include="skybox.vert">
      <Filter>resources\shaders</Filter>
    </None>
    <None Include="skybox.frag">
      <Filter>resources\shaders</Filter>
    </None>
  </ItemGroup>
  <ItemGroup>
    <ClInclude Include="src\shader.h">
      <Filter>headers</Filter>
    </ClInclude>
    <ClInclude Include="src\VBO.h">
      <Filter>headers</Filter>
    </ClInclude>
    <ClInclude Include="src\EBO.h">
      <Filter>headers</Filter>
    </ClInclude>
    <ClInclude Include="src\VAO.h">
      <Filter>headers</Filter>
    </ClInclude>
    <ClInclude Include="src\texture.h">
      <Filter>headers</Filter>
    </ClInclude>
    <ClInclude Include="src\camera.h">
      <Filter>headers</Filter>
    </ClInclude>
    <ClInclude Include="src\mesh.h">
      <Filter>headers</Filter>
    </ClInclude>
    <ClInclude Include="src\model.h">
      <Filter>headers</Filter>
    </ClInclude>
  </ItemGroup>
  <ItemGroup>
    <Font Include="resources\fonts\opensans\OpenSans-Bold.ttf">
      <Filter>resources\fonts\opensans</Filter>
    </Font>
    <Font Include="resources\fonts\opensans\OpenSans-BoldItalic.ttf">
      <Filter>resources\fonts\opensans</Filter>
    </Font>
    <Font Include="resources\fonts\opensans\OpenSans-ExtraBold.ttf">
      <Filter>resources\fonts\opensans</Filter>
    </Font>
    <Font Include="resources\fonts\opensans\OpenSans-ExtraBoldItalic.ttf">
      <Filter>resources\fonts\opensans</Filter>
    </Font>
    <Font Include="resources\fonts\opensans\OpenSans-Italic.ttf">
      <Filter>resources\fonts\opensans</Filter>
    </Font>
    <Font Include="resources\fonts\opensans\OpenSans-Light.ttf">
      <Filter>resources\fonts\opensans</Filter>
    </Font>
    <Font Include="resources\fonts\opensans\OpenSans-LightItalic.ttf">
      <Filter>resources\fonts\opensans</Filter>
    </Font>
    <Font Include="resources\fonts\opensans\OpenSans-Regular.ttf">
      <Filter>resources\fonts\opensans</Filter>
    </Font>
    <Font Include="resources\fonts\opensans\OpenSans-SemiBold.ttf">
      <Filter>resources\fonts\opensans</Filter>
    </Font>
    <Font Include="resources\fonts\opensans\OpenSans-SemiBoldItalic.ttf">
      <Filter>resources\fonts\opensans</Filter>
    </Font>
  </ItemGroup>
  <ItemGroup>
    <Text Include="resources\fonts\opensans\LICENSE.txt">
      <Filter>resources\fonts\opensans</Filter>
    </Text>
  </ItemGroup>
</Project>